// !$*UTF8*$!
{
	archiveVersion = 1;
	classes = {};
	objectVersion = 56;
	objects = {
		A1 = {isa = PBXBuildFile; fileRef = F1; };
		A2 = {isa = PBXBuildFile; fileRef = F2; };
		A3 = {isa = PBXBuildFile; fileRef = F3; };
		A4 = {isa = PBXBuildFile; fileRef = F4; };
		A5 = {isa = PBXBuildFile; fileRef = F5; };
		A6 = {isa = PBXBuildFile; fileRef = F6; };
		A7 = {isa = PBXBuildFile; fileRef = F7; };
		A8 = {isa = PBXBuildFile; fileRef = F8; };
		F1 = {isa = PBXFileReference; lastKnownFileType = sourcecode.swift; path = eunhyo_iOSApp.swift; sourceTree = "<group>"; };
		F2 = {isa = PBXFileReference; lastKnownFileType = sourcecode.swift; path = ContentView.swift; sourceTree = "<group>"; };
		F3 = {isa = PBXFileReference; lastKnownFileType = sourcecode.swift; path = Models.swift; sourceTree = "<group>"; };
		F4 = {isa = PBXFileReference; lastKnownFileType = sourcecode.swift; path = LearningViews.swift; sourceTree = "<group>"; };
		F5 = {isa = PBXFileReference; lastKnownFileType = sourcecode.swift; path = MathStudyView.swift; sourceTree = "<group>"; };
		F6 = {isa = PBXFileReference; lastKnownFileType = sourcecode.swift; path = SettingsViews.swift; sourceTree = "<group>"; };
		F7 = {isa = PBXFileReference; lastKnownFileType = sourcecode.swift; path = ExtendedFeatures.swift; sourceTree = "<group>"; };
		F8 = {isa = PBXFileReference; lastKnownFileType = sourcecode.swift; path = MoreLearningFeatures.swift; sourceTree = "<group>"; };
		APP = {isa = PBXFileReference; explicitFileType = wrapper.application; path = eunhyo_iOS.app; sourceTree = BUILT_PRODUCTS_DIR; };
		BP2 = {isa = PBXFrameworksBuildPhase; buildActionMask = 2147483647; files = (); runOnlyForDeploymentPostprocessing = 0; };
		ROOT = {isa = PBXGroup; children = (SRC, PRODUCTS); sourceTree = "<group>"; };
		SRC = {isa = PBXGroup; children = (F1,F2,F3,F4,F5,F6,F7,F8); path = eunhyo_iOS; sourceTree = "<group>"; };
		PRODUCTS = {isa = PBXGroup; children = (APP); name = Products; sourceTree = "<group>"; };
		TARGET = {isa = PBXNativeTarget; buildConfigurationList = TCL; buildPhases = (BP1,BP2,BP3); buildRules = (); dependencies = (); name = eunhyo_iOS; productName = eunhyo_iOS; productReference = APP; productType = "com.apple.product-type.application"; };
		PROJECT = {isa = PBXProject; attributes = {BuildIndependentTargetsInParallel = 1; LastSwiftUpdateCheck = 1600; LastUpgradeCheck = 1600; }; buildConfigurationList = PCL; compatibilityVersion = "Xcode 14.0"; developmentRegion = ko; hasScannedForEncodings = 0; knownRegions = (ko,en,Base); mainGroup = ROOT; productRefGroup = PRODUCTS; projectDirPath = ""; projectRoot = ""; targets = (TARGET); };
		BP3 = {isa = PBXResourcesBuildPhase; buildActionMask = 2147483647; files = (); runOnlyForDeploymentPostprocessing = 0; };
		BP1 = {isa = PBXSourcesBuildPhase; buildActionMask = 2147483647; files = (A1,A2,A3,A4,A5,A6,A7,A8); runOnlyForDeploymentPostprocessing = 0; };
		PDEBUG = {isa = XCBuildConfiguration; buildSettings = {CLANG_ENABLE_MODULES = YES; SWIFT_VERSION = 5.0;}; name = Debug;};
		PRELEASE = {isa = XCBuildConfiguration; buildSettings = {CLANG_ENABLE_MODULES = YES; SWIFT_VERSION = 5.0;}; name = Release;};
		TDEBUG = {isa = XCBuildConfiguration; buildSettings = {CODE_SIGN_STYLE = Automatic; CURRENT_PROJECT_VERSION = 1; GENERATE_INFOPLIST_FILE = YES; INFOPLIST_KEY_CFBundleDisplayName = "은효 학습"; IPHONEOS_DEPLOYMENT_TARGET = 17.0; LD_RUNPATH_SEARCH_PATHS = "$(inherited) @executable_path/Frameworks"; MARKETING_VERSION = 1.2; PRODUCT_BUNDLE_IDENTIFIER = com.sofajohnlee.eunhyoios; PRODUCT_NAME = "$(TARGET_NAME)"; SDKROOT = iphoneos; SWIFT_EMIT_LOC_STRINGS = YES; SWIFT_VERSION = 5.0; TARGETED_DEVICE_FAMILY = "1,2"; }; name = Debug;};
		TRELEASE = {isa = XCBuildConfiguration; buildSettings = {CODE_SIGN_STYLE = Automatic; CURRENT_PROJECT_VERSION = 1; GENERATE_INFOPLIST_FILE = YES; INFOPLIST_KEY_CFBundleDisplayName = "은효 학습"; IPHONEOS_DEPLOYMENT_TARGET = 17.0; LD_RUNPATH_SEARCH_PATHS = "$(inherited) @executable_path/Frameworks"; MARKETING_VERSION = 1.2; PRODUCT_BUNDLE_IDENTIFIER = com.sofajohnlee.eunhyoios; PRODUCT_NAME = "$(TARGET_NAME)"; SDKROOT = iphoneos; SWIFT_EMIT_LOC_STRINGS = YES; SWIFT_VERSION = 5.0; TARGETED_DEVICE_FAMILY = "1,2"; }; name = Release;};
		PCL = {isa = XCConfigurationList; buildConfigurations = (PDEBUG,PRELEASE); defaultConfigurationIsVisible = 0; defaultConfigurationName = Release;};
		TCL = {isa = XCConfigurationList; buildConfigurations = (TDEBUG,TRELEASE); defaultConfigurationIsVisible = 0; defaultConfigurationName = Release;};
	};
	rootObject = PROJECT;
}
